
Microsoft Visual Studio Solution File, Format Version 12.00
# Visual Studio Version 17
VisualStudioVersion = 17.7.34024.191
MinimumVisualStudioVersion = 10.0.40219.1
Project("{FAE04EC0-301F-11D3-BF4B-00C04F79EFBC}") = "Singleton", "Singleton.csproj", "{AAE3C47F-D56F-4BD5-98B9-0F5A9820B5D6}"
EndProject
Global
	GlobalSection(SolutionConfigurationPlatforms) = preSolution
		Debug|Any CPU = Debug|Any CPU
		Release|Any CPU = Release|Any CPU
	EndGlobalSection
	GlobalSection(ProjectConfigurationPlatforms) = postSolution
		{AAE3C47F-D56F-4BD5-98B9-0F5A9820B5D6}.Debug|Any CPU.ActiveCfg = Debug|Any CPU
		{AAE3C47F-D56F-4BD5-98B9-0F5A9820B5D6}.Debug|Any CPU.Build.0 = Debug|Any CPU
		{AAE3C47F-D56F-4BD5-98B9-0F5A9820B5D6}.Release|Any CPU.ActiveCfg = Release|Any CPU
		{AAE3C47F-D56F-4BD5-98B9-0F5A9820B5D6}.Release|Any CPU.Build.0 = Release|Any CPU
	EndGlobalSection
	GlobalSection(SolutionProperties) = preSolution
		HideSolutionNode = FALSE
	EndGlobalSection
	GlobalSection(ExtensibilityGlobals) = postSolution
		SolutionGuid = {715BF794-6A8E-40E8-8532-F28ECB9622DF}
	EndGlobalSection
EndGlobal
