
Microsoft Visual Studio Solution File, Format Version 12.00
# Visual Studio Version 17
VisualStudioVersion = 17.7.34024.191
MinimumVisualStudioVersion = 10.0.40219.1
Project("{FAE04EC0-301F-11D3-BF4B-00C04F79EFBC}") = "AbstractFactory", "AbstractFactory.csproj", "{60F64637-65F2-4EAC-B533-44FFD738E7AF}"
EndProject
Global
	GlobalSection(SolutionConfigurationPlatforms) = preSolution
		Debug|Any CPU = Debug|Any CPU
		Release|Any CPU = Release|Any CPU
	EndGlobalSection
	GlobalSection(ProjectConfigurationPlatforms) = postSolution
		{60F64637-65F2-4EAC-B533-44FFD738E7AF}.Debug|Any CPU.ActiveCfg = Debug|Any CPU
		{60F64637-65F2-4EAC-B533-44FFD738E7AF}.Debug|Any CPU.Build.0 = Debug|Any CPU
		{60F64637-65F2-4EAC-B533-44FFD738E7AF}.Release|Any CPU.ActiveCfg = Release|Any CPU
		{60F64637-65F2-4EAC-B533-44FFD738E7AF}.Release|Any CPU.Build.0 = Release|Any CPU
	EndGlobalSection
	GlobalSection(SolutionProperties) = preSolution
		HideSolutionNode = FALSE
	EndGlobalSection
	GlobalSection(ExtensibilityGlobals) = postSolution
		SolutionGuid = {A86E25D2-83B8-462C-91A1-8F2FF4626814}
	EndGlobalSection
EndGlobal
