
Microsoft Visual Studio Solution File, Format Version 12.00
# Visual Studio Version 17
VisualStudioVersion = 17.7.34024.191
MinimumVisualStudioVersion = 10.0.40219.1
Project("{FAE04EC0-301F-11D3-BF4B-00C04F79EFBC}") = "Proxy", "Proxy.csproj", "{4579C2A7-6059-4FBD-9672-28C14F641EE8}"
EndProject
Global
	GlobalSection(SolutionConfigurationPlatforms) = preSolution
		Debug|Any CPU = Debug|Any CPU
		Release|Any CPU = Release|Any CPU
	EndGlobalSection
	GlobalSection(ProjectConfigurationPlatforms) = postSolution
		{4579C2A7-6059-4FBD-9672-28C14F641EE8}.Debug|Any CPU.ActiveCfg = Debug|Any CPU
		{4579C2A7-6059-4FBD-9672-28C14F641EE8}.Debug|Any CPU.Build.0 = Debug|Any CPU
		{4579C2A7-6059-4FBD-9672-28C14F641EE8}.Release|Any CPU.ActiveCfg = Release|Any CPU
		{4579C2A7-6059-4FBD-9672-28C14F641EE8}.Release|Any CPU.Build.0 = Release|Any CPU
	EndGlobalSection
	GlobalSection(SolutionProperties) = preSolution
		HideSolutionNode = FALSE
	EndGlobalSection
	GlobalSection(ExtensibilityGlobals) = postSolution
		SolutionGuid = {D486EBD9-6A1A-4013-BEF8-9FCD63DF58A4}
	EndGlobalSection
EndGlobal
